// !$*UTF8*$!
{
	archiveVersion = 1;
	classes = {
	};
	objectVersion = 55;
	objects = {

/* Begin PBXBuildFile section */
		C40D641B285771AC008E0CBF /* E_CommerceApp.swift in Sources */ = {isa = PBXBuildFile; fileRef = C40D641A285771AC008E0CBF /* E_CommerceApp.swift */; };
		C40D641D285771AC008E0CBF /* ContentView.swift in Sources */ = {isa = PBXBuildFile; fileRef = C40D641C285771AC008E0CBF /* ContentView.swift */; };
		C40D641F285771AF008E0CBF /* Assets.xcassets in Resources */ = {isa = PBXBuildFile; fileRef = C40D641E285771AF008E0CBF /* Assets.xcassets */; };
		C40D6422285771AF008E0CBF /* Preview Assets.xcassets in Resources */ = {isa = PBXBuildFile; fileRef = C40D6421285771AF008E0CBF /* Preview Assets.xcassets */; };
		C40D6424285771AF008E0CBF /* Persistence.swift in Sources */ = {isa = PBXBuildFile; fileRef = C40D6423285771AF008E0CBF /* Persistence.swift */; };
		C40D6427285771AF008E0CBF /* E_Commerce.xcdatamodeld in Sources */ = {isa = PBXBuildFile; fileRef = C40D6425285771AF008E0CBF /* E_Commerce.xcdatamodeld */; };
		C40D6431285771AF008E0CBF /* E_CommerceTests.swift in Sources */ = {isa = PBXBuildFile; fileRef = C40D6430285771AF008E0CBF /* E_CommerceTests.swift */; };
		C40D643B285771AF008E0CBF /* E_CommerceUITests.swift in Sources */ = {isa = PBXBuildFile; fileRef = C40D643A285771AF008E0CBF /* E_CommerceUITests.swift */; };
		C40D643D285771AF008E0CBF /* E_CommerceUITestsLaunchTests.swift in Sources */ = {isa = PBXBuildFile; fileRef = C40D643C285771AF008E0CBF /* E_CommerceUITestsLaunchTests.swift */; };
/* End PBXBuildFile section */

/* Begin PBXContainerItemProxy section */
		C40D642D285771AF008E0CBF /* PBXContainerItemProxy */ = {
			isa = PBXContainerItemProxy;
			containerPortal = C40D640F285771AC008E0CBF /* Project object */;
			proxyType = 1;
			remoteGlobalIDString = C40D6416285771AC008E0CBF;
			remoteInfo = "E-Commerce";
		};
		C40D6437285771AF008E0CBF /* PBXContainerItemProxy */ = {
			isa = PBXContainerItemProxy;
			containerPortal = C40D640F285771AC008E0CBF /* Project object */;
			proxyType = 1;
			remoteGlobalIDString = C40D6416285771AC008E0CBF;
			remoteInfo = "E-Commerce";
		};
/* End PBXContainerItemProxy section */

/* Begin PBXFileReference section */
		C40D6417285771AC008E0CBF /* E-Commerce.app */ = {isa = PBXFileReference; explicitFileType = wrapper.application; includeInIndex = 0; path = "E-Commerce.app"; sourceTree = BUILT_PRODUCTS_DIR; };
		C40D641A285771AC008E0CBF /* E_CommerceApp.swift */ = {isa = PBXFileReference; lastKnownFileType = sourcecode.swift; path = E_CommerceApp.swift; sourceTree = "<group>"; };
		C40D641C285771AC008E0CBF /* ContentView.swift */ = {isa = PBXFileReference; lastKnownFileType = sourcecode.swift; path = ContentView.swift; sourceTree = "<group>"; };
		C40D641E285771AF008E0CBF /* Assets.xcassets */ = {isa = PBXFileReference; lastKnownFileType = folder.assetcatalog; path = Assets.xcassets; sourceTree = "<group>"; };
		C40D6421285771AF008E0CBF /* Preview Assets.xcassets */ = {isa = PBXFileReference; lastKnownFileType = folder.assetcatalog; path = "Preview Assets.xcassets"; sourceTree = "<group>"; };
		C40D6423285771AF008E0CBF /* Persistence.swift */ = {isa = PBXFileReference; lastKnownFileType = sourcecode.swift; path = Persistence.swift; sourceTree = "<group>"; };
		C40D6426285771AF008E0CBF /* E_Commerce.xcdatamodel */ = {isa = PBXFileReference; lastKnownFileType = wrapper.xcdatamodel; path = E_Commerce.xcdatamodel; sourceTree = "<group>"; };
		C40D642C285771AF008E0CBF /* E-CommerceTests.xctest */ = {isa = PBXFileReference; explicitFileType = wrapper.cfbundle; includeInIndex = 0; path = "E-CommerceTests.xctest"; sourceTree = BUILT_PRODUCTS_DIR; };
		C40D6430285771AF008E0CBF /* E_CommerceTests.swift */ = {isa = PBXFileReference; lastKnownFileType = sourcecode.swift; path = E_CommerceTests.swift; sourceTree = "<group>"; };
		C40D6436285771AF008E0CBF /* E-CommerceUITests.xctest */ = {isa = PBXFileReference; explicitFileType = wrapper.cfbundle; includeInIndex = 0; path = "E-CommerceUITests.xctest"; sourceTree = BUILT_PRODUCTS_DIR; };
		C40D643A285771AF008E0CBF /* E_CommerceUITests.swift */ = {isa = PBXFileReference; lastKnownFileType = sourcecode.swift; path = E_CommerceUITests.swift; sourceTree = "<group>"; };
		C40D643C285771AF008E0CBF /* E_CommerceUITestsLaunchTests.swift */ = {isa = PBXFileReference; lastKnownFileType = sourcecode.swift; path = E_CommerceUITestsLaunchTests.swift; sourceTree = "<group>"; };
/* End PBXFileReference section */

/* Begin PBXFrameworksBuildPhase section */
		C40D6414285771AC008E0CBF /* Frameworks */ = {
			isa = PBXFrameworksBuildPhase;
			buildActionMask = 2147483647;
			files = (
			);
			runOnlyForDeploymentPostprocessing = 0;
		};
		C40D6429285771AF008E0CBF /* Frameworks */ = {
			isa = PBXFrameworksBuildPhase;
			buildActionMask = 2147483647;
			files = (
			);
			runOnlyForDeploymentPostprocessing = 0;
		};
		C40D6433285771AF008E0CBF /* Frameworks */ = {
			isa = PBXFrameworksBuildPhase;
			buildActionMask = 2147483647;
			files = (
			);
			runOnlyForDeploymentPostprocessing = 0;
		};
/* End PBXFrameworksBuildPhase section */

/* Begin PBXGroup section */
		C40D640E285771AC008E0CBF = {
			isa = PBXGroup;
			children = (
				C40D6419285771AC008E0CBF /* E-Commerce */,
				C40D642F285771AF008E0CBF /* E-CommerceTests */,
				C40D6439285771AF008E0CBF /* E-CommerceUITests */,
				C40D6418285771AC008E0CBF /* Products */,
			);
			sourceTree = "<group>";
		};
		C40D6418285771AC008E0CBF /* Products */ = {
			isa = PBXGroup;
			children = (
				C40D6417285771AC008E0CBF /* E-Commerce.app */,
				C40D642C285771AF008E0CBF /* E-CommerceTests.xctest */,
				C40D6436285771AF008E0CBF /* E-CommerceUITests.xctest */,
			);
			name = Products;
			sourceTree = "<group>";
		};
		C40D6419285771AC008E0CBF /* E-Commerce */ = {
			isa = PBXGroup;
			children = (
				C40D641A285771AC008E0CBF /* E_CommerceApp.swift */,
				C40D641C285771AC008E0CBF /* ContentView.swift */,
				C40D641E285771AF008E0CBF /* Assets.xcassets */,
				C40D6423285771AF008E0CBF /* Persistence.swift */,
				C40D6425285771AF008E0CBF /* E_Commerce.xcdatamodeld */,
				C40D6420285771AF008E0CBF /* Preview Content */,
			);
			path = "E-Commerce";
			sourceTree = "<group>";
		};
		C40D6420285771AF008E0CBF /* Preview Content */ = {
			isa = PBXGroup;
			children = (
				C40D6421285771AF008E0CBF /* Preview Assets.xcassets */,
			);
			path = "Preview Content";
			sourceTree = "<group>";
		};
		C40D642F285771AF008E0CBF /* E-CommerceTests */ = {
			isa = PBXGroup;
			children = (
				C40D6430285771AF008E0CBF /* E_CommerceTests.swift */,
			);
			path = "E-CommerceTests";
			sourceTree = "<group>";
		};
		C40D6439285771AF008E0CBF /* E-CommerceUITests */ = {
			isa = PBXGroup;
			children = (
				C40D643A285771AF008E0CBF /* E_CommerceUITests.swift */,
				C40D643C285771AF008E0CBF /* E_CommerceUITestsLaunchTests.swift */,
			);
			path = "E-CommerceUITests";
			sourceTree = "<group>";
		};
/* End PBXGroup section */

/* Begin PBXNativeTarget section */
		C40D6416285771AC008E0CBF /* E-Commerce */ = {
			isa = PBXNativeTarget;
			buildConfigurationList = C40D6440285771AF008E0CBF /* Build configuration list for PBXNativeTarget "E-Commerce" */;
			buildPhases = (
				C40D6413285771AC008E0CBF /* Sources */,
				C40D6414285771AC008E0CBF /* Frameworks */,
				C40D6415285771AC008E0CBF /* Resources */,
			);
			buildRules = (
			);
			dependencies = (
			);
			name = "E-Commerce";
			productName = "E-Commerce";
			productReference = C40D6417285771AC008E0CBF /* E-Commerce.app */;
			productType = "com.apple.product-type.application";
		};
		C40D642B285771AF008E0CBF /* E-CommerceTests */ = {
			isa = PBXNativeTarget;
			buildConfigurationList = C40D6443285771AF008E0CBF /* Build configuration list for PBXNativeTarget "E-CommerceTests" */;
			buildPhases = (
				C40D6428285771AF008E0CBF /* Sources */,
				C40D6429285771AF008E0CBF /* Frameworks */,
				C40D642A285771AF008E0CBF /* Resources */,
			);
			buildRules = (
			);
			dependencies = (
				C40D642E285771AF008E0CBF /* PBXTargetDependency */,
			);
			name = "E-CommerceTests";
			productName = "E-CommerceTests";
			productReference = C40D642C285771AF008E0CBF /* E-CommerceTests.xctest */;
			productType = "com.apple.product-type.bundle.unit-test";
		};
		C40D6435285771AF008E0CBF /* E-CommerceUITests */ = {
			isa = PBXNativeTarget;
			buildConfigurationList = C40D6446285771AF008E0CBF /* Build configuration list for PBXNativeTarget "E-CommerceUITests" */;
			buildPhases = (
				C40D6432285771AF008E0CBF /* Sources */,
				C40D6433285771AF008E0CBF /* Frameworks */,
				C40D6434285771AF008E0CBF /* Resources */,
			);
			buildRules = (
			);
			dependencies = (
				C40D6438285771AF008E0CBF /* PBXTargetDependency */,
			);
			name = "E-CommerceUITests";
			productName = "E-CommerceUITests";
			productReference = C40D6436285771AF008E0CBF /* E-CommerceUITests.xctest */;
			productType = "com.apple.product-type.bundle.ui-testing";
		};
/* End PBXNativeTarget section */

/* Begin PBXProject section */
		C40D640F285771AC008E0CBF /* Project object */ = {
			isa = PBXProject;
			attributes = {
				BuildIndependentTargetsInParallel = 1;
				LastSwiftUpdateCheck = 1340;
				LastUpgradeCheck = 1340;
				TargetAttributes = {
					C40D6416285771AC008E0CBF = {
						CreatedOnToolsVersion = 13.4;
					};
					C40D642B285771AF008E0CBF = {
						CreatedOnToolsVersion = 13.4;
						TestTargetID = C40D6416285771AC008E0CBF;
					};
					C40D6435285771AF008E0CBF = {
						CreatedOnToolsVersion = 13.4;
						TestTargetID = C40D6416285771AC008E0CBF;
					};
				};
			};
			buildConfigurationList = C40D6412285771AC008E0CBF /* Build configuration list for PBXProject "E-Commerce" */;
			compatibilityVersion = "Xcode 13.0";
			developmentRegion = en;
			hasScannedForEncodings = 0;
			knownRegions = (
				en,
				Base,
			);
			mainGroup = C40D640E285771AC008E0CBF;
			productRefGroup = C40D6418285771AC008E0CBF /* Products */;
			projectDirPath = "";
			projectRoot = "";
			targets = (
				C40D6416285771AC008E0CBF /* E-Commerce */,
				C40D642B285771AF008E0CBF /* E-CommerceTests */,
				C40D6435285771AF008E0CBF /* E-CommerceUITests */,
			);
		};
/* End PBXProject section */

/* Begin PBXResourcesBuildPhase section */
		C40D6415285771AC008E0CBF /* Resources */ = {
			isa = PBXResourcesBuildPhase;
			buildActionMask = 2147483647;
			files = (
				C40D6422285771AF008E0CBF /* Preview Assets.xcassets in Resources */,
				C40D641F285771AF008E0CBF /* Assets.xcassets in Resources */,
			);
			runOnlyForDeploymentPostprocessing = 0;
		};
		C40D642A285771AF008E0CBF /* Resources */ = {
			isa = PBXResourcesBuildPhase;
			buildActionMask = 2147483647;
			files = (
			);
			runOnlyForDeploymentPostprocessing = 0;
		};
		C40D6434285771AF008E0CBF /* Resources */ = {
			isa = PBXResourcesBuildPhase;
			buildActionMask = 2147483647;
			files = (
			);
			runOnlyForDeploymentPostprocessing = 0;
		};
/* End PBXResourcesBuildPhase section */

/* Begin PBXSourcesBuildPhase section */
		C40D6413285771AC008E0CBF /* Sources */ = {
			isa = PBXSourcesBuildPhase;
			buildActionMask = 2147483647;
			files = (
				C40D6424285771AF008E0CBF /* Persistence.swift in Sources */,
				C40D641D285771AC008E0CBF /* ContentView.swift in Sources */,
				C40D6427285771AF008E0CBF /* E_Commerce.xcdatamodeld in Sources */,
				C40D641B285771AC008E0CBF /* E_CommerceApp.swift in Sources */,
			);
			runOnlyForDeploymentPostprocessing = 0;
		};
		C40D6428285771AF008E0CBF /* Sources */ = {
			isa = PBXSourcesBuildPhase;
			buildActionMask = 2147483647;
			files = (
				C40D6431285771AF008E0CBF /* E_CommerceTests.swift in Sources */,
			);
			runOnlyForDeploymentPostprocessing = 0;
		};
		C40D6432285771AF008E0CBF /* Sources */ = {
			isa = PBXSourcesBuildPhase;
			buildActionMask = 2147483647;
			files = (
				C40D643B285771AF008E0CBF /* E_CommerceUITests.swift in Sources */,
				C40D643D285771AF008E0CBF /* E_CommerceUITestsLaunchTests.swift in Sources */,
			);
			runOnlyForDeploymentPostprocessing = 0;
		};
/* End PBXSourcesBuildPhase section */

/* Begin PBXTargetDependency section */
		C40D642E285771AF008E0CBF /* PBXTargetDependency */ = {
			isa = PBXTargetDependency;
			target = C40D6416285771AC008E0CBF /* E-Commerce */;
			targetProxy = C40D642D285771AF008E0CBF /* PBXContainerItemProxy */;
		};
		C40D6438285771AF008E0CBF /* PBXTargetDependency */ = {
			isa = PBXTargetDependency;
			target = C40D6416285771AC008E0CBF /* E-Commerce */;
			targetProxy = C40D6437285771AF008E0CBF /* PBXContainerItemProxy */;
		};
/* End PBXTargetDependency section */

/* Begin XCBuildConfiguration section */
		C40D643E285771AF008E0CBF /* Debug */ = {
			isa = XCBuildConfiguration;
			buildSettings = {
				ALWAYS_SEARCH_USER_PATHS = NO;
				CLANG_ANALYZER_NONNULL = YES;
				CLANG_ANALYZER_NUMBER_OBJECT_CONVERSION = YES_AGGRESSIVE;
				CLANG_CXX_LANGUAGE_STANDARD = "gnu++17";
				CLANG_ENABLE_MODULES = YES;
				CLANG_ENABLE_OBJC_ARC = YES;
				CLANG_ENABLE_OBJC_WEAK = YES;
				CLANG_WARN_BLOCK_CAPTURE_AUTORELEASING = YES;
				CLANG_WARN_BOOL_CONVERSION = YES;
				CLANG_WARN_COMMA = YES;
				CLANG_WARN_CONSTANT_CONVERSION = YES;
				CLANG_WARN_DEPRECATED_OBJC_IMPLEMENTATIONS = YES;
				CLANG_WARN_DIRECT_OBJC_ISA_USAGE = YES_ERROR;
				CLANG_WARN_DOCUMENTATION_COMMENTS = YES;
				CLANG_WARN_EMPTY_BODY = YES;
				CLANG_WARN_ENUM_CONVERSION = YES;
				CLANG_WARN_INFINITE_RECURSION = YES;
				CLANG_WARN_INT_CONVERSION = YES;
				CLANG_WARN_NON_LITERAL_NULL_CONVERSION = YES;
				CLANG_WARN_OBJC_IMPLICIT_RETAIN_SELF = YES;
				CLANG_WARN_OBJC_LITERAL_CONVERSION = YES;
				CLANG_WARN_OBJC_ROOT_CLASS = YES_ERROR;
				CLANG_WARN_QUOTED_INCLUDE_IN_FRAMEWORK_HEADER = YES;
				CLANG_WARN_RANGE_LOOP_ANALYSIS = YES;
				CLANG_WARN_STRICT_PROTOTYPES = YES;
				CLANG_WARN_SUSPICIOUS_MOVE = YES;
				CLANG_WARN_UNGUARDED_AVAILABILITY = YES_AGGRESSIVE;
				CLANG_WARN_UNREACHABLE_CODE = YES;
				CLANG_WARN__DUPLICATE_METHOD_MATCH = YES;
				COPY_PHASE_STRIP = NO;
				DEBUG_INFORMATION_FORMAT = dwarf;
				ENABLE_STRICT_OBJC_MSGSEND = YES;
				ENABLE_TESTABILITY = YES;
				GCC_C_LANGUAGE_STANDARD = gnu11;
				GCC_DYNAMIC_NO_PIC = NO;
				GCC_NO_COMMON_BLOCKS = YES;
				GCC_OPTIMIZATION_LEVEL = 0;
				GCC_PREPROCESSOR_DEFINITIONS = (
					"DEBUG=1",
					"$(inherited)",
				);
				GCC_WARN_64_TO_32_BIT_CONVERSION = YES;
				GCC_WARN_ABOUT_RETURN_TYPE = YES_ERROR;
				GCC_WARN_UNDECLARED_SELECTOR = YES;
				GCC_WARN_UNINITIALIZED_AUTOS = YES_AGGRESSIVE;
				GCC_WARN_UNUSED_FUNCTION = YES;
				GCC_WARN_UNUSED_VARIABLE = YES;
				IPHONEOS_DEPLOYMENT_TARGET = 15.5;
				MTL_ENABLE_DEBUG_INFO = INCLUDE_SOURCE;
				MTL_FAST_MATH = YES;
				ONLY_ACTIVE_ARCH = YES;
				SDKROOT = iphoneos;
				SWIFT_ACTIVE_COMPILATION_CONDITIONS = DEBUG;
				SWIFT_OPTIMIZATION_LEVEL = "-Onone";
			};
			name = Debug;
		};
		C40D643F285771AF008E0CBF /* Release */ = {
			isa = XCBuildConfiguration;
			buildSettings = {
				ALWAYS_SEARCH_USER_PATHS = NO;
				CLANG_ANALYZER_NONNULL = YES;
				CLANG_ANALYZER_NUMBER_OBJECT_CONVERSION = YES_AGGRESSIVE;
				CLANG_CXX_LANGUAGE_STANDARD = "gnu++17";
				CLANG_ENABLE_MODULES = YES;
				CLANG_ENABLE_OBJC_ARC = YES;
				CLANG_ENABLE_OBJC_WEAK = YES;
				CLANG_WARN_BLOCK_CAPTURE_AUTORELEASING = YES;
				CLANG_WARN_BOOL_CONVERSION = YES;
				CLANG_WARN_COMMA = YES;
				CLANG_WARN_CONSTANT_CONVERSION = YES;
				CLANG_WARN_DEPRECATED_OBJC_IMPLEMENTATIONS = YES;
				CLANG_WARN_DIRECT_OBJC_ISA_USAGE = YES_ERROR;
				CLANG_WARN_DOCUMENTATION_COMMENTS = YES;
				CLANG_WARN_EMPTY_BODY = YES;
				CLANG_WARN_ENUM_CONVERSION = YES;
				CLANG_WARN_INFINITE_RECURSION = YES;
				CLANG_WARN_INT_CONVERSION = YES;
				CLANG_WARN_NON_LITERAL_NULL_CONVERSION = YES;
				CLANG_WARN_OBJC_IMPLICIT_RETAIN_SELF = YES;
				CLANG_WARN_OBJC_LITERAL_CONVERSION = YES;
				CLANG_WARN_OBJC_ROOT_CLASS = YES_ERROR;
				CLANG_WARN_QUOTED_INCLUDE_IN_FRAMEWORK_HEADER = YES;
				CLANG_WARN_RANGE_LOOP_ANALYSIS = YES;
				CLANG_WARN_STRICT_PROTOTYPES = YES;
				CLANG_WARN_SUSPICIOUS_MOVE = YES;
				CLANG_WARN_UNGUARDED_AVAILABILITY = YES_AGGRESSIVE;
				CLANG_WARN_UNREACHABLE_CODE = YES;
				CLANG_WARN__DUPLICATE_METHOD_MATCH = YES;
				COPY_PHASE_STRIP = NO;
				DEBUG_INFORMATION_FORMAT = "dwarf-with-dsym";
				ENABLE_NS_ASSERTIONS = NO;
				ENABLE_STRICT_OBJC_MSGSEND = YES;
				GCC_C_LANGUAGE_STANDARD = gnu11;
				GCC_NO_COMMON_BLOCKS = YES;
				GCC_WARN_64_TO_32_BIT_CONVERSION = YES;
				GCC_WARN_ABOUT_RETURN_TYPE = YES_ERROR;
				GCC_WARN_UNDECLARED_SELECTOR = YES;
				GCC_WARN_UNINITIALIZED_AUTOS = YES_AGGRESSIVE;
				GCC_WARN_UNUSED_FUNCTION = YES;
				GCC_WARN_UNUSED_VARIABLE = YES;
				IPHONEOS_DEPLOYMENT_TARGET = 15.5;
				MTL_ENABLE_DEBUG_INFO = NO;
				MTL_FAST_MATH = YES;
				SDKROOT = iphoneos;
				SWIFT_COMPILATION_MODE = wholemodule;
				SWIFT_OPTIMIZATION_LEVEL = "-O";
				VALIDATE_PRODUCT = YES;
			};
			name = Release;
		};
		C40D6441285771AF008E0CBF /* Debug */ = {
			isa = XCBuildConfiguration;
			buildSettings = {
				ASSETCATALOG_COMPILER_APPICON_NAME = AppIcon;
				ASSETCATALOG_COMPILER_GLOBAL_ACCENT_COLOR_NAME = AccentColor;
				CODE_SIGN_STYLE = Automatic;
				CURRENT_PROJECT_VERSION = 1;
				DEVELOPMENT_ASSET_PATHS = "\"E-Commerce/Preview Content\"";
				DEVELOPMENT_TEAM = EEM9997Q9G;
				ENABLE_PREVIEWS = YES;
				GENERATE_INFOPLIST_FILE = YES;
				INFOPLIST_KEY_UIApplicationSceneManifest_Generation = YES;
				INFOPLIST_KEY_UIApplicationSupportsIndirectInputEvents = YES;
				INFOPLIST_KEY_UILaunchScreen_Generation = YES;
				INFOPLIST_KEY_UISupportedInterfaceOrientations_iPad = "UIInterfaceOrientationPortrait UIInterfaceOrientationPortraitUpsideDown UIInterfaceOrientationLandscapeLeft UIInterfaceOrientationLandscapeRight";
				INFOPLIST_KEY_UISupportedInterfaceOrientations_iPhone = "UIInterfaceOrientationPortrait UIInterfaceOrientationLandscapeLeft UIInterfaceOrientationLandscapeRight";
				LD_RUNPATH_SEARCH_PATHS = (
					"$(inherited)",
					"@executable_path/Frameworks",
				);
				MARKETING_VERSION = 1.0;
				PRODUCT_BUNDLE_IDENTIFIER = "com.techrealms.ecommerce.E-Commerce";
				PRODUCT_NAME = "$(TARGET_NAME)";
				SWIFT_EMIT_LOC_STRINGS = YES;
				SWIFT_VERSION = 5.0;
				TARGETED_DEVICE_FAMILY = "1,2";
			};
			name = Debug;
		};
		C40D6442285771AF008E0CBF /* Release */ = {
			isa = XCBuildConfiguration;
			buildSettings = {
				ASSETCATALOG_COMPILER_APPICON_NAME = AppIcon;
				ASSETCATALOG_COMPILER_GLOBAL_ACCENT_COLOR_NAME = AccentColor;
				CODE_SIGN_STYLE = Automatic;
				CURRENT_PROJECT_VERSION = 1;
				DEVELOPMENT_ASSET_PATHS = "\"E-Commerce/Preview Content\"";
				DEVELOPMENT_TEAM = EEM9997Q9G;
				ENABLE_PREVIEWS = YES;
				GENERATE_INFOPLIST_FILE = YES;
				INFOPLIST_KEY_UIApplicationSceneManifest_Generation = YES;
				INFOPLIST_KEY_UIApplicationSupportsIndirectInputEvents = YES;
				INFOPLIST_KEY_UILaunchScreen_Generation = YES;
				INFOPLIST_KEY_UISupportedInterfaceOrientations_iPad = "UIInterfaceOrientationPortrait UIInterfaceOrientationPortraitUpsideDown UIInterfaceOrientationLandscapeLeft UIInterfaceOrientationLandscapeRight";
				INFOPLIST_KEY_UISupportedInterfaceOrientations_iPhone = "UIInterfaceOrientationPortrait UIInterfaceOrientationLandscapeLeft UIInterfaceOrientationLandscapeRight";
				LD_RUNPATH_SEARCH_PATHS = (
					"$(inherited)",
					"@executable_path/Frameworks",
				);
				MARKETING_VERSION = 1.0;
				PRODUCT_BUNDLE_IDENTIFIER = "com.techrealms.ecommerce.E-Commerce";
				PRODUCT_NAME = "$(TARGET_NAME)";
				SWIFT_EMIT_LOC_STRINGS = YES;
				SWIFT_VERSION = 5.0;
				TARGETED_DEVICE_FAMILY = "1,2";
			};
			name = Release;
		};
		C40D6444285771AF008E0CBF /* Debug */ = {
			isa = XCBuildConfiguration;
			buildSettings = {
				ALWAYS_EMBED_SWIFT_STANDARD_LIBRARIES = YES;
				BUNDLE_LOADER = "$(TEST_HOST)";
				CODE_SIGN_STYLE = Automatic;
				CURRENT_PROJECT_VERSION = 1;
				DEVELOPMENT_TEAM = EEM9997Q9G;
				GENERATE_INFOPLIST_FILE = YES;
				IPHONEOS_DEPLOYMENT_TARGET = 15.5;
				MARKETING_VERSION = 1.0;
				PRODUCT_BUNDLE_IDENTIFIER = "com.techrealms.ecommerce.E-CommerceTests";
				PRODUCT_NAME = "$(TARGET_NAME)";
				SWIFT_EMIT_LOC_STRINGS = NO;
				SWIFT_VERSION = 5.0;
				TARGETED_DEVICE_FAMILY = "1,2";
				TEST_HOST = "$(BUILT_PRODUCTS_DIR)/E-Commerce.app/E-Commerce";
			};
			name = Debug;
		};
		C40D6445285771AF008E0CBF /* Release */ = {
			isa = XCBuildConfiguration;
			buildSettings = {
				ALWAYS_EMBED_SWIFT_STANDARD_LIBRARIES = YES;
				BUNDLE_LOADER = "$(TEST_HOST)";
				CODE_SIGN_STYLE = Automatic;
				CURRENT_PROJECT_VERSION = 1;
				DEVELOPMENT_TEAM = EEM9997Q9G;
				GENERATE_INFOPLIST_FILE = YES;
				IPHONEOS_DEPLOYMENT_TARGET = 15.5;
				MARKETING_VERSION = 1.0;
				PRODUCT_BUNDLE_IDENTIFIER = "com.techrealms.ecommerce.E-CommerceTests";
				PRODUCT_NAME = "$(TARGET_NAME)";
				SWIFT_EMIT_LOC_STRINGS = NO;
				SWIFT_VERSION = 5.0;
				TARGETED_DEVICE_FAMILY = "1,2";
				TEST_HOST = "$(BUILT_PRODUCTS_DIR)/E-Commerce.app/E-Commerce";
			};
			name = Release;
		};
		C40D6447285771AF008E0CBF /* Debug */ = {
			isa = XCBuildConfiguration;
			buildSettings = {
				ALWAYS_EMBED_SWIFT_STANDARD_LIBRARIES = YES;
				CODE_SIGN_STYLE = Automatic;
				CURRENT_PROJECT_VERSION = 1;
				DEVELOPMENT_TEAM = EEM9997Q9G;
				GENERATE_INFOPLIST_FILE = YES;
				MARKETING_VERSION = 1.0;
				PRODUCT_BUNDLE_IDENTIFIER = "com.techrealms.ecommerce.E-CommerceUITests";
				PRODUCT_NAME = "$(TARGET_NAME)";
				SWIFT_EMIT_LOC_STRINGS = NO;
				SWIFT_VERSION = 5.0;
				TARGETED_DEVICE_FAMILY = "1,2";
				TEST_TARGET_NAME = "E-Commerce";
			};
			name = Debug;
		};
		C40D6448285771AF008E0CBF /* Release */ = {
			isa = XCBuildConfiguration;
			buildSettings = {
				ALWAYS_EMBED_SWIFT_STANDARD_LIBRARIES = YES;
				CODE_SIGN_STYLE = Automatic;
				CURRENT_PROJECT_VERSION = 1;
				DEVELOPMENT_TEAM = EEM9997Q9G;
				GENERATE_INFOPLIST_FILE = YES;
				MARKETING_VERSION = 1.0;
				PRODUCT_BUNDLE_IDENTIFIER = "com.techrealms.ecommerce.E-CommerceUITests";
				PRODUCT_NAME = "$(TARGET_NAME)";
				SWIFT_EMIT_LOC_STRINGS = NO;
				SWIFT_VERSION = 5.0;
				TARGETED_DEVICE_FAMILY = "1,2";
				TEST_TARGET_NAME = "E-Commerce";
			};
			name = Release;
		};
/* End XCBuildConfiguration section */

/* Begin XCConfigurationList section */
		C40D6412285771AC008E0CBF /* Build configuration list for PBXProject "E-Commerce" */ = {
			isa = XCConfigurationList;
			buildConfigurations = (
				C40D643E285771AF008E0CBF /* Debug */,
				C40D643F285771AF008E0CBF /* Release */,
			);
			defaultConfigurationIsVisible = 0;
			defaultConfigurationName = Release;
		};
		C40D6440285771AF008E0CBF /* Build configuration list for PBXNativeTarget "E-Commerce" */ = {
			isa = XCConfigurationList;
			buildConfigurations = (
				C40D6441285771AF008E0CBF /* Debug */,
				C40D6442285771AF008E0CBF /* Release */,
			);
			defaultConfigurationIsVisible = 0;
			defaultConfigurationName = Release;
		};
		C40D6443285771AF008E0CBF /* Build configuration list for PBXNativeTarget "E-CommerceTests" */ = {
			isa = XCConfigurationList;
			buildConfigurations = (
				C40D6444285771AF008E0CBF /* Debug */,
				C40D6445285771AF008E0CBF /* Release */,
			);
			defaultConfigurationIsVisible = 0;
			defaultConfigurationName = Release;
		};
		C40D6446285771AF008E0CBF /* Build configuration list for PBXNativeTarget "E-CommerceUITests" */ = {
			isa = XCConfigurationList;
			buildConfigurations = (
				C40D6447285771AF008E0CBF /* Debug */,
				C40D6448285771AF008E0CBF /* Release */,
			);
			defaultConfigurationIsVisible = 0;
			defaultConfigurationName = Release;
		};
/* End XCConfigurationList section */

/* Begin XCVersionGroup section */
		C40D6425285771AF008E0CBF /* E_Commerce.xcdatamodeld */ = {
			isa = XCVersionGroup;
			children = (
				C40D6426285771AF008E0CBF /* E_Commerce.xcdatamodel */,
			);
			currentVersion = C40D6426285771AF008E0CBF /* E_Commerce.xcdatamodel */;
			path = E_Commerce.xcdatamodeld;
			sourceTree = "<group>";
			versionGroupType = wrapper.xcdatamodel;
		};
/* End XCVersionGroup section */
	};
	rootObject = C40D640F285771AC008E0CBF /* Project object */;
}
